{
  "name": "state-covid-shots",
  "version": "1.0.0",
  "lockfileVersion": 1,
  "requires": true,
  "dependencies": {
    "@types/geojson": {
      "version": "7946.0.7",
      "resolved": "https://registry.npmjs.org/@types/geojson/-/geojson-7946.0.7.tgz",
      "integrity": "sha512-wE2v81i4C4Ol09RtsWFAqg3BUitWbHSpSlIo+bNdsCJijO9sjme+zm+73ZMCa/qMC8UEERxzGbvmr1cffo2SiQ==",
      "dev": true
    },
    "@types/leaflet": {
      "version": "1.5.21",
      "resolved": "https://registry.npmjs.org/@types/leaflet/-/leaflet-1.5.21.tgz",
      "integrity": "sha512-b+BOkwJDq6DK4m+jFUOHNCFinIkO4CF1MjnOwYgZFX+oElpYpXCCIsxZ3+zQWIRSLVUbRXvaQq2K935jGIyp7A==",
      "dev": true,
      "requires": {
        "@types/geojson": "*"
      }
    }
  }
}
